
Microsoft Visual Studio Solution File, Format Version 12.00
# Visual Studio Version 17
VisualStudioVersion = 17.7.34031.279
MinimumVisualStudioVersion = 10.0.40219.1
Project("{FAE04EC0-301F-11D3-BF4B-00C04F79EFBC}") = "AppInventario", "AppInventario.csproj", "{D6424ED4-4A16-418B-BBE7-A61DFA476E58}"
EndProject
Global
	GlobalSection(SolutionConfigurationPlatforms) = preSolution
		Debug|Any CPU = Debug|Any CPU
		Release|Any CPU = Release|Any CPU
	EndGlobalSection
	GlobalSection(ProjectConfigurationPlatforms) = postSolution
		{D6424ED4-4A16-418B-BBE7-A61DFA476E58}.Debug|Any CPU.ActiveCfg = Debug|Any CPU
		{D6424ED4-4A16-418B-BBE7-A61DFA476E58}.Debug|Any CPU.Build.0 = Debug|Any CPU
		{D6424ED4-4A16-418B-BBE7-A61DFA476E58}.Release|Any CPU.ActiveCfg = Release|Any CPU
		{D6424ED4-4A16-418B-BBE7-A61DFA476E58}.Release|Any CPU.Build.0 = Release|Any CPU
	EndGlobalSection
	GlobalSection(SolutionProperties) = preSolution
		HideSolutionNode = FALSE
	EndGlobalSection
	GlobalSection(ExtensibilityGlobals) = postSolution
		SolutionGuid = {DB11B513-46BB-48EC-96E9-2A965EC6C826}
	EndGlobalSection
EndGlobal
